
Microsoft Visual Studio Solution File, Format Version 12.00
# Visual Studio 2013
VisualStudioVersion = 12.0.31101.0
MinimumVisualStudioVersion = 10.0.40219.1
Project("{FAE04EC0-301F-11D3-BF4B-00C04F79EFBC}") = "SQLBot", "SQLBot\SQLBot.csproj", "{607C538F-2BCE-457C-A7C5-12F03998AB68}"
EndProject
Project("{FAE04EC0-301F-11D3-BF4B-00C04F79EFBC}") = "MaterialSkin", "MaterialSkin\MaterialSkin.csproj", "{8EB7611B-68CD-4B8B-987A-11717E2B250C}"
EndProject
Project("{FAE04EC0-301F-11D3-BF4B-00C04F79EFBC}") = "SQLBotTrams", "SQLBotTrams\SQLBotTrams.csproj", "{9DC85CF3-99E4-44ED-8D3A-30353772CC78}"
EndProject
Project("{FAE04EC0-301F-11D3-BF4B-00C04F79EFBC}") = "AIMLbot", "AIMLbot\AIMLbot.csproj", "{D77FF739-982F-4D64-B691-1D38BF852B48}"
EndProject
Global
	GlobalSection(SolutionConfigurationPlatforms) = preSolution
		Debug|Any CPU = Debug|Any CPU
		Release|Any CPU = Release|Any CPU
	EndGlobalSection
	GlobalSection(ProjectConfigurationPlatforms) = postSolution
		{607C538F-2BCE-457C-A7C5-12F03998AB68}.Debug|Any CPU.ActiveCfg = Debug|Any CPU
		{607C538F-2BCE-457C-A7C5-12F03998AB68}.Debug|Any CPU.Build.0 = Debug|Any CPU
		{607C538F-2BCE-457C-A7C5-12F03998AB68}.Release|Any CPU.ActiveCfg = Release|Any CPU
		{607C538F-2BCE-457C-A7C5-12F03998AB68}.Release|Any CPU.Build.0 = Release|Any CPU
		{8EB7611B-68CD-4B8B-987A-11717E2B250C}.Debug|Any CPU.ActiveCfg = Debug|Any CPU
		{8EB7611B-68CD-4B8B-987A-11717E2B250C}.Debug|Any CPU.Build.0 = Debug|Any CPU
		{8EB7611B-68CD-4B8B-987A-11717E2B250C}.Release|Any CPU.ActiveCfg = Release|Any CPU
		{8EB7611B-68CD-4B8B-987A-11717E2B250C}.Release|Any CPU.Build.0 = Release|Any CPU
		{9DC85CF3-99E4-44ED-8D3A-30353772CC78}.Debug|Any CPU.ActiveCfg = Debug|Any CPU
		{9DC85CF3-99E4-44ED-8D3A-30353772CC78}.Release|Any CPU.ActiveCfg = Release|Any CPU
		{D77FF739-982F-4D64-B691-1D38BF852B48}.Debug|Any CPU.ActiveCfg = Debug|Any CPU
		{D77FF739-982F-4D64-B691-1D38BF852B48}.Debug|Any CPU.Build.0 = Debug|Any CPU
		{D77FF739-982F-4D64-B691-1D38BF852B48}.Release|Any CPU.ActiveCfg = Release|Any CPU
		{D77FF739-982F-4D64-B691-1D38BF852B48}.Release|Any CPU.Build.0 = Release|Any CPU
	EndGlobalSection
	GlobalSection(SolutionProperties) = preSolution
		HideSolutionNode = FALSE
	EndGlobalSection
EndGlobal
